{
  "name": "hunk-herdr",
  "version": "0.1.0",
  "lockfileVersion": 3,
  "requires": true,
  "packages": {
    "": {
      "name": "hunk-herdr",
      "version": "0.1.0",
      "devDependencies": {
        "@types/node": "^24.0.0",
        "hunkdiff": "0.22.0",
        "typescript": "^5.9.0"
      }
    },
    "node_modules/@opentui/core": {
      "version": "0.5.11",
      "resolved": "https://registry.npmjs.org/@opentui/core/-/core-0.5.11.tgz",
      "integrity": "sha512-pImMfjCNx7JUp9Df1LRZBDLisWqgzOLXZKXO+hh3jA9ujBFPQnZOqbG+/N5uVAAX8IZGaqhYSQRwSZIFBmcfbQ==",
      "dev": true,
      "license": "MIT",
      "peer": true,
      "dependencies": {
        "bun-ffi-structs": "0.3.1",
        "diff": "9.0.0",
        "marked": "17.0.1",
        "string-width": "7.2.0",
        "strip-ansi": "7.1.2"
      },
      "engines": {
        "bun": ">=1.3.0",
        "node": ">=26.4.0"
      },
      "optionalDependencies": {
        "@opentui/core-darwin-arm64": "0.5.11",
        "@opentui/core-darwin-x64": "0.5.11",
        "@opentui/core-linux-arm64": "0.5.11",
        "@opentui/core-linux-arm64-musl": "0.5.11",
        "@opentui/core-linux-x64": "0.5.11",
        "@opentui/core-linux-x64-musl": "0.5.11",
        "@opentui/core-win32-arm64": "0.5.11",
        "@opentui/core-win32-x64": "0.5.11"
      },
      "peerDependencies": {
        "web-tree-sitter": "0.25.10"
      }
    },
    "node_modules/@opentui/core-darwin-arm64": {
      "version": "0.5.11",
      "resolved": "https://registry.npmjs.org/@opentui/core-darwin-arm64/-/core-darwin-arm64-0.5.11.tgz",
      "integrity": "sha512-DRXY5ioq+n1ZNAMAcaFaBunr0cmi2gqucjbTW7lgFp8t9uN3fNZnLTDOqkCTQtT2XhrU4GXqySaPSQ4qFG/EAQ==",
      "cpu": [
        "arm64"
      ],
      "dev": true,
      "license": "MIT",
      "optional": true,
      "os": [
        "darwin"
      ],
      "peer": true
    },
    "node_modules/@opentui/core-darwin-x64": {
      "version": "0.5.11",
      "resolved": "https://registry.npmjs.org/@opentui/core-darwin-x64/-/core-darwin-x64-0.5.11.tgz",
      "integrity": "sha512-yP/8GliJDiJNm8YYJKvgWuy6xyCEd8d4GwBVOIzCFOI7ZIbGP8GOTvmwIjRW4Paw20pTttWMWyRoQiCvOXvH2g==",
      "cpu": [
        "x64"
      ],
      "dev": true,
      "license": "MIT",
      "optional": true,
      "os": [
        "darwin"
      ],
      "peer": true
    },
    "node_modules/@opentui/core-linux-arm64": {
      "version": "0.5.11",
      "resolved": "https://registry.npmjs.org/@opentui/core-linux-arm64/-/core-linux-arm64-0.5.11.tgz",
      "integrity": "sha512-zBIsRFHlLUYFNhapRSNt9dz4mC8gZ4Wxcfy3A+2AwqsgCipcr2FkIuAXYqN08q+IvqFX7DfqgIFGWDNedHTPUg==",
      "cpu": [
        "arm64"
      ],
      "dev": true,
      "license": "MIT",
      "optional": true,
      "os": [
        "linux"
      ],
      "peer": true
    },
    "node_modules/@opentui/core-linux-arm64-musl": {
      "version": "0.5.11",
      "resolved": "https://registry.npmjs.org/@opentui/core-linux-arm64-musl/-/core-linux-arm64-musl-0.5.11.tgz",
      "integrity": "sha512-x+xeR2LYibvIi/qQetRjJR008sFRve60QuDcO8ItxUwzFeKTDzl5CEiZpBXfm5I4FhRNuyuj0TSPIFadMvrjFQ==",
      "cpu": [
        "arm64"
      ],
      "dev": true,
      "libc": [
        "musl"
      ],
      "license": "MIT",
      "optional": true,
      "os": [
        "linux"
      ],
      "peer": true
    },
    "node_modules/@opentui/core-linux-x64": {
      "version": "0.5.11",
      "resolved": "https://registry.npmjs.org/@opentui/core-linux-x64/-/core-linux-x64-0.5.11.tgz",
      "integrity": "sha512-pSOXqOADrv+zINOgR3FDFA9zVRaim3zl8/yhtO+X9rEJ6f34z3gDund0Gf88hNJSMpZK5xWtipEVm28RY5VF8w==",
      "cpu": [
        "x64"
      ],
      "dev": true,
      "license": "MIT",
      "optional": true,
      "os": [
        "linux"
      ],
      "peer": true
    },
    "node_modules/@opentui/core-linux-x64-musl": {
      "version": "0.5.11",
      "resolved": "https://registry.npmjs.org/@opentui/core-linux-x64-musl/-/core-linux-x64-musl-0.5.11.tgz",
      "integrity": "sha512-MyqOnSs8pTYG2xmFr1xt6xZIuHu2Xu4pkle9my9JdE+WClmusHf0YN9Eas6jQLAq5XUi34r22wMeK0juk93zyw==",
      "cpu": [
        "x64"
      ],
      "dev": true,
      "libc": [
        "musl"
      ],
      "license": "MIT",
      "optional": true,
      "os": [
        "linux"
      ],
      "peer": true
    },
    "node_modules/@opentui/core-win32-arm64": {
      "version": "0.5.11",
      "resolved": "https://registry.npmjs.org/@opentui/core-win32-arm64/-/core-win32-arm64-0.5.11.tgz",
      "integrity": "sha512-MGGRXIDJ//HyaqC5ndSr7/CUl+ICdYEAMcjbA00UWsthh4ZO/rYhPkyqOaTn5ck6+G4ca3/+M76J+jImMYTjNg==",
      "cpu": [
        "arm64"
      ],
      "dev": true,
      "license": "MIT",
      "optional": true,
      "os": [
        "win32"
      ],
      "peer": true
    },
    "node_modules/@opentui/core-win32-x64": {
      "version": "0.5.11",
      "resolved": "https://registry.npmjs.org/@opentui/core-win32-x64/-/core-win32-x64-0.5.11.tgz",
      "integrity": "sha512-sMEGX9rhiPd1gBa190jzj5uIdzKCMImxHmr22hJLxIRWqejxWvqGnRBkW68wT8NfMViDiMtZWavgWL7GgmYCAQ==",
      "cpu": [
        "x64"
      ],
      "dev": true,
      "license": "MIT",
      "optional": true,
      "os": [
        "win32"
      ],
      "peer": true
    },
    "node_modules/@opentui/react": {
      "version": "0.5.11",
      "resolved": "https://registry.npmjs.org/@opentui/react/-/react-0.5.11.tgz",
      "integrity": "sha512-ACH6Kpl3/O1zdNL0sZtzrnxfw0+auJu4eefIbPTAPuNEessyuhd2xvV4agrdWRJCeogywS7er5k7uS/8YRWnZg==",
      "dev": true,
      "license": "MIT",
      "peer": true,
      "dependencies": {
        "@opentui/core": "0.5.11",
        "react-reconciler": "^0.33.0"
      },
      "peerDependencies": {
        "react": ">=19.2.0",
        "react-devtools-core": "^7.0.1",
        "ws": "^8.18.0"
      }
    },
    "node_modules/@types/node": {
      "version": "24.13.6",
      "resolved": "https://registry.npmjs.org/@types/node/-/node-24.13.6.tgz",
      "integrity": "sha512-SGrw/h3KPFshy3OE6ZL53LMBG5vGQQ8/gIpiqz/kRZhPJ7HgwCEs8LBuNtWLa8dvGZVpSF7+Bf+c11HUrCb/yg==",
      "dev": true,
      "license": "MIT",
      "dependencies": {
        "undici-types": "~7.18.0"
      }
    },
    "node_modules/ansi-regex": {
      "version": "6.3.0",
      "resolved": "https://registry.npmjs.org/ansi-regex/-/ansi-regex-6.3.0.tgz",
      "integrity": "sha512-WpDfL7NO6j7tH88IDBNVdUJxDh9nmCteAVW9dsep846XdwF4naCBK+/tGLX3KJgcpgMRXCFlTM2hKGoK9FsdrQ==",
      "dev": true,
      "license": "MIT",
      "engines": {
        "node": ">=12"
      },
      "funding": {
        "url": "https://github.com/chalk/ansi-regex?sponsor=1"
      }
    },
    "node_modules/bun-ffi-structs": {
      "version": "0.3.1",
      "resolved": "https://registry.npmjs.org/bun-ffi-structs/-/bun-ffi-structs-0.3.1.tgz",
      "integrity": "sha512-3gM7PpVWLyrwxWjcilSiGuhWanhZivvo6l0u573NziPH6f/gwk6McbaYgn7oJWov6pKGRTDbrg94W5DcJsKTtQ==",
      "dev": true,
      "license": "MIT",
      "peer": true,
      "peerDependencies": {
        "typescript": "^5"
      }
    },
    "node_modules/chokidar": {
      "version": "4.0.3",
      "resolved": "https://registry.npmjs.org/chokidar/-/chokidar-4.0.3.tgz",
      "integrity": "sha512-Qgzu8kfBvo+cA4962jnP1KkS6Dop5NS6g7R5LFYJr4b8Ub94PPQXUksCw9PvXoeXPRRddRNC5C1JQUR2SMGtnA==",
      "dev": true,
      "license": "MIT",
      "dependencies": {
        "readdirp": "^4.0.1"
      },
      "engines": {
        "node": ">= 14.16.0"
      },
      "funding": {
        "url": "https://paulmillr.com/funding/"
      }
    },
    "node_modules/commander": {
      "version": "14.0.3",
      "resolved": "https://registry.npmjs.org/commander/-/commander-14.0.3.tgz",
      "integrity": "sha512-H+y0Jo/T1RZ9qPP4Eh1pkcQcLRglraJaSLoyOtHxu6AapkjWVCy2Sit1QQ4x3Dng8qDlSsZEet7g5Pq06MvTgw==",
      "dev": true,
      "license": "MIT",
      "engines": {
        "node": ">=20"
      }
    },
    "node_modules/diff": {
      "version": "9.0.0",
      "resolved": "https://registry.npmjs.org/diff/-/diff-9.0.0.tgz",
      "integrity": "sha512-svtcdpS8CgJyqAjEQIXdb3OjhFVVYjzGAPO8WGCmRbrml64SPw/jJD4GoE98aR7r25A0XcgrK3F02yw9R/vhQw==",
      "dev": true,
      "license": "BSD-3-Clause",
      "peer": true,
      "engines": {
        "node": ">=0.3.1"
      }
    },
    "node_modules/emoji-regex": {
      "version": "10.6.0",
      "resolved": "https://registry.npmjs.org/emoji-regex/-/emoji-regex-10.6.0.tgz",
      "integrity": "sha512-toUI84YS5YmxW219erniWD0CIVOo46xGKColeNQRgOzDorgBi1v4D71/OFzgD9GO2UGKIv1C3Sp8DAn0+j5w7A==",
      "dev": true,
      "license": "MIT",
      "peer": true
    },
    "node_modules/get-east-asian-width": {
      "version": "1.7.0",
      "resolved": "https://registry.npmjs.org/get-east-asian-width/-/get-east-asian-width-1.7.0.tgz",
      "integrity": "sha512-XjH1AECxf0giL2V1aU8vKyRR2ppRUb5c0EvT7zuJTokQ74bNo52zOtghqdWIqrhUD79fo3x0WfKZdOqxF6LG1Q==",
      "dev": true,
      "license": "MIT",
      "engines": {
        "node": ">=18"
      },
      "funding": {
        "url": "https://github.com/sponsors/sindresorhus"
      }
    },
    "node_modules/hunkdiff": {
      "version": "0.22.0",
      "resolved": "https://registry.npmjs.org/hunkdiff/-/hunkdiff-0.22.0.tgz",
      "integrity": "sha512-R9FcW9M2x95SLWiJQ17spvZPEaIcg7xggb2hbE+dvTjtpLA5Q0Rd9AHqcKcHketGcQ8l6TgGZddOGZGRFrMJuw==",
      "dev": true,
      "license": "MIT",
      "dependencies": {
        "chokidar": "^4.0.3",
        "commander": "^14.0.3",
        "diff": "^8.0.3",
        "get-east-asian-width": "^1.5.0",
        "shell-quote": "1.9.0",
        "string-width": "^8.2.1",
        "zod": "~4.4.3"
      },
      "bin": {
        "hunk": "bin/hunk.cjs",
        "hunkdiff": "bin/hunk.cjs"
      },
      "engines": {
        "node": ">=22"
      },
      "optionalDependencies": {
        "hunkdiff-darwin-arm64": "0.22.0",
        "hunkdiff-darwin-x64": "0.22.0",
        "hunkdiff-linux-arm64": "0.22.0",
        "hunkdiff-linux-x64": "0.22.0",
        "hunkdiff-windows-x64": "0.22.0"
      },
      "peerDependencies": {
        "@opentui/core": "^0.5.6",
        "@opentui/react": "^0.5.6",
        "@pierre/diffs": "1.3.5",
        "react": "^19.2.4"
      },
      "peerDependenciesMeta": {
        "@pierre/diffs": {
          "optional": true
        }
      }
    },
    "node_modules/hunkdiff-darwin-arm64": {
      "version": "0.22.0",
      "resolved": "https://registry.npmjs.org/hunkdiff-darwin-arm64/-/hunkdiff-darwin-arm64-0.22.0.tgz",
      "integrity": "sha512-n0kXEITE2L5Gj2kVUJ+pJul8zMLnhgSPUbWKt/hjZzDFqf4avT5kPxz0+uF2Ht78DbF1V5CikO0EG+fPPCddJA==",
      "cpu": [
        "arm64"
      ],
      "dev": true,
      "license": "MIT",
      "optional": true,
      "os": [
        "darwin"
      ],
      "bin": {
        "hunk": "bin/hunk"
      }
    },
    "node_modules/hunkdiff-darwin-x64": {
      "version": "0.22.0",
      "resolved": "https://registry.npmjs.org/hunkdiff-darwin-x64/-/hunkdiff-darwin-x64-0.22.0.tgz",
      "integrity": "sha512-Hf0TNy7CvLjVqaPyCuFSu8BcGAViv+H5qI1Np+c50qCrqpgRSM9ZV3+pgZTTnFZ2tKW1N6ujkPlZv7U0NKYNOg==",
      "cpu": [
        "x64"
      ],
      "dev": true,
      "license": "MIT",
      "optional": true,
      "os": [
        "darwin"
      ],
      "bin": {
        "hunk": "bin/hunk"
      }
    },
    "node_modules/hunkdiff-linux-arm64": {
      "version": "0.22.0",
      "resolved": "https://registry.npmjs.org/hunkdiff-linux-arm64/-/hunkdiff-linux-arm64-0.22.0.tgz",
      "integrity": "sha512-Dl+042ixXAdmeHlivWBwA2VBIcJOIERZyUlA7OdIehdMIla+sILjE/t9LjW906kjWJTh7qhn+8WDy5jpkYn66w==",
      "cpu": [
        "arm64"
      ],
      "dev": true,
      "license": "MIT",
      "optional": true,
      "os": [
        "linux"
      ],
      "bin": {
        "hunk": "bin/hunk"
      }
    },
    "node_modules/hunkdiff-linux-x64": {
      "version": "0.22.0",
      "resolved": "https://registry.npmjs.org/hunkdiff-linux-x64/-/hunkdiff-linux-x64-0.22.0.tgz",
      "integrity": "sha512-0IK2hMSfazsK2xi35vBzoI1rPlmT/Y6BypJugUbuqEGEWJnMJBXsCa8zSfCJTiP+lB1SPhax1c10dEsWUeSKrw==",
      "cpu": [
        "x64"
      ],
      "dev": true,
      "license": "MIT",
      "optional": true,
      "os": [
        "linux"
      ],
      "bin": {
        "hunk": "bin/hunk"
      }
    },
    "node_modules/hunkdiff-windows-x64": {
      "version": "0.22.0",
      "resolved": "https://registry.npmjs.org/hunkdiff-windows-x64/-/hunkdiff-windows-x64-0.22.0.tgz",
      "integrity": "sha512-199mzft9Ul/+/Ey0IgnnemwbZ2NLx6LAuFqqWHbS86wrIgM6yyv7q1VIcCdQ/3jdKQd6vf1z0wvvZ6L4lbg4zA==",
      "cpu": [
        "x64"
      ],
      "dev": true,
      "license": "MIT",
      "optional": true,
      "os": [
        "win32"
      ],
      "bin": {
        "hunk": "bin/hunk.exe"
      }
    },
    "node_modules/hunkdiff/node_modules/diff": {
      "version": "8.0.4",
      "resolved": "https://registry.npmjs.org/diff/-/diff-8.0.4.tgz",
      "integrity": "sha512-DPi0FmjiSU5EvQV0++GFDOJ9ASQUVFh5kD+OzOnYdi7n3Wpm9hWWGfB/O2blfHcMVTL5WkQXSnRiK9makhrcnw==",
      "dev": true,
      "license": "BSD-3-Clause",
      "engines": {
        "node": ">=0.3.1"
      }
    },
    "node_modules/hunkdiff/node_modules/string-width": {
      "version": "8.2.2",
      "resolved": "https://registry.npmjs.org/string-width/-/string-width-8.2.2.tgz",
      "integrity": "sha512-GaPUh5gfdrYzqeVNZvUfT23vYYxXzKYidUcnMtJg/3rxRV63EFZy3k6xfKlmfeJD0176lnUV/Usr3XcwSvFzpg==",
      "dev": true,
      "license": "MIT",
      "dependencies": {
        "get-east-asian-width": "^1.5.0",
        "strip-ansi": "^7.1.2"
      },
      "engines": {
        "node": ">=20"
      },
      "funding": {
        "url": "https://github.com/sponsors/sindresorhus"
      }
    },
    "node_modules/marked": {
      "version": "17.0.1",
      "resolved": "https://registry.npmjs.org/marked/-/marked-17.0.1.tgz",
      "integrity": "sha512-boeBdiS0ghpWcSwoNm/jJBwdpFaMnZWRzjA6SkUMYb40SVaN1x7mmfGKp0jvexGcx+7y2La5zRZsYFZI6Qpypg==",
      "dev": true,
      "license": "MIT",
      "peer": true,
      "bin": {
        "marked": "bin/marked.js"
      },
      "engines": {
        "node": ">= 20"
      }
    },
    "node_modules/react": {
      "version": "19.3.0",
      "resolved": "https://registry.npmjs.org/react/-/react-19.3.0.tgz",
      "integrity": "sha512-E8LUcbtBWt20bbl2YoHfx4ZDBdxVTfOKtCZn9cDSJ4l6/nuoApcpIBcj47t2wZoVX8g2ZHuMHbiShgCR1T5Sog==",
      "dev": true,
      "license": "MIT",
      "peer": true,
      "engines": {
        "node": ">=0.10.0"
      }
    },
    "node_modules/react-devtools-core": {
      "version": "7.0.1",
      "resolved": "https://registry.npmjs.org/react-devtools-core/-/react-devtools-core-7.0.1.tgz",
      "integrity": "sha512-C3yNvRHaizlpiASzy7b9vbnBGLrhvdhl1CbdU6EnZgxPNbai60szdLtl+VL76UNOt5bOoVTOz5rNWZxgGt+Gsw==",
      "dev": true,
      "license": "MIT",
      "peer": true,
      "dependencies": {
        "shell-quote": "^1.6.1",
        "ws": "^7"
      }
    },
    "node_modules/react-devtools-core/node_modules/ws": {
      "version": "7.5.13",
      "resolved": "https://registry.npmjs.org/ws/-/ws-7.5.13.tgz",
      "integrity": "sha512-rsKI6xDBFVf4r/x8XyChGK04QR/XHroxs/jUcoWvtEZM8TPU/X/uIY9B1CsSzYws9ZJb/6bbBu7dPhFW00CAoA==",
      "dev": true,
      "license": "MIT",
      "peer": true,
      "engines": {
        "node": ">=8.3.0"
      },
      "peerDependencies": {
        "bufferutil": "^4.0.1",
        "utf-8-validate": "^5.0.2"
      },
      "peerDependenciesMeta": {
        "bufferutil": {
          "optional": true
        },
        "utf-8-validate": {
          "optional": true
        }
      }
    },
    "node_modules/react-reconciler": {
      "version": "0.33.0",
      "resolved": "https://registry.npmjs.org/react-reconciler/-/react-reconciler-0.33.0.tgz",
      "integrity": "sha512-KetWRytFv1epdpJc3J4G75I4WrplZE5jOL7Yq0p34+OVOKF4Se7WrdIdVC45XsSSmUTlht2FM/fM1FZb1mfQeA==",
      "dev": true,
      "license": "MIT",
      "peer": true,
      "dependencies": {
        "scheduler": "^0.27.0"
      },
      "engines": {
        "node": ">=0.10.0"
      },
      "peerDependencies": {
        "react": "^19.2.0"
      }
    },
    "node_modules/readdirp": {
      "version": "4.1.2",
      "resolved": "https://registry.npmjs.org/readdirp/-/readdirp-4.1.2.tgz",
      "integrity": "sha512-GDhwkLfywWL2s6vEjyhri+eXmfH6j1L7JE27WhqLeYzoh/A3DBaYGEj2H/HFZCn/kMfim73FXxEJTw06WtxQwg==",
      "dev": true,
      "license": "MIT",
      "engines": {
        "node": ">= 14.18.0"
      },
      "funding": {
        "type": "individual",
        "url": "https://paulmillr.com/funding/"
      }
    },
    "node_modules/scheduler": {
      "version": "0.27.0",
      "resolved": "https://registry.npmjs.org/scheduler/-/scheduler-0.27.0.tgz",
      "integrity": "sha512-eNv+WrVbKu1f3vbYJT/xtiF5syA5HPIMtf9IgY/nKg0sWqzAUEvqY/xm7OcZc/qafLx/iO9FgOmeSAp4v5ti/Q==",
      "dev": true,
      "license": "MIT",
      "peer": true
    },
    "node_modules/shell-quote": {
      "version": "1.9.0",
      "resolved": "https://registry.npmjs.org/shell-quote/-/shell-quote-1.9.0.tgz",
      "integrity": "sha512-Iov+JwFv/2HcTpcwNMKd8+IWNb8tboQJNQTkAY/LLVK7gGH9jy+LGkVqPxfekHl+yMmiqXszdGWXgkfml7hjqA==",
      "dev": true,
      "license": "MIT",
      "engines": {
        "node": ">= 0.4"
      },
      "funding": {
        "url": "https://github.com/sponsors/ljharb"
      }
    },
    "node_modules/string-width": {
      "version": "7.2.0",
      "resolved": "https://registry.npmjs.org/string-width/-/string-width-7.2.0.tgz",
      "integrity": "sha512-tsaTIkKW9b4N+AEj+SVA+WhJzV7/zMhcSu78mLKWSk7cXMOSHsBKFWUs0fWwq8QyK3MgJBQRX6Gbi4kYbdvGkQ==",
      "dev": true,
      "license": "MIT",
      "peer": true,
      "dependencies": {
        "emoji-regex": "^10.3.0",
        "get-east-asian-width": "^1.0.0",
        "strip-ansi": "^7.1.0"
      },
      "engines": {
        "node": ">=18"
      },
      "funding": {
        "url": "https://github.com/sponsors/sindresorhus"
      }
    },
    "node_modules/strip-ansi": {
      "version": "7.1.2",
      "resolved": "https://registry.npmjs.org/strip-ansi/-/strip-ansi-7.1.2.tgz",
      "integrity": "sha512-gmBGslpoQJtgnMAvOVqGZpEz9dyoKTCzy2nfz/n8aIFhN/jCE/rCmcxabB6jOOHV+0WNnylOxaxBQPSvcWklhA==",
      "dev": true,
      "license": "MIT",
      "dependencies": {
        "ansi-regex": "^6.0.1"
      },
      "engines": {
        "node": ">=12"
      },
      "funding": {
        "url": "https://github.com/chalk/strip-ansi?sponsor=1"
      }
    },
    "node_modules/typescript": {
      "version": "5.9.3",
      "resolved": "https://registry.npmjs.org/typescript/-/typescript-5.9.3.tgz",
      "integrity": "sha512-jl1vZzPDinLr9eUt3J/t7V6FgNEw9QjvBPdysz9KfQDD41fQrC2Y4vKQdiaUpFT4bXlb1RHhLpp8wtm6M5TgSw==",
      "dev": true,
      "license": "Apache-2.0",
      "bin": {
        "tsc": "bin/tsc",
        "tsserver": "bin/tsserver"
      },
      "engines": {
        "node": ">=14.17"
      }
    },
    "node_modules/undici-types": {
      "version": "7.18.2",
      "resolved": "https://registry.npmjs.org/undici-types/-/undici-types-7.18.2.tgz",
      "integrity": "sha512-AsuCzffGHJybSaRrmr5eHr81mwJU3kjw6M+uprWvCXiNeN9SOGwQ3Jn8jb8m3Z6izVgknn1R0FTCEAP2QrLY/w==",
      "dev": true,
      "license": "MIT"
    },
    "node_modules/web-tree-sitter": {
      "version": "0.25.10",
      "resolved": "https://registry.npmjs.org/web-tree-sitter/-/web-tree-sitter-0.25.10.tgz",
      "integrity": "sha512-Y09sF44/13XvgVKgO2cNDw5rGk6s26MgoZPXLESvMXeefBf7i6/73eFurre0IsTW6E14Y0ArIzhUMmjoc7xyzA==",
      "dev": true,
      "license": "MIT",
      "peer": true,
      "peerDependencies": {
        "@types/emscripten": "^1.40.0"
      },
      "peerDependenciesMeta": {
        "@types/emscripten": {
          "optional": true
        }
      }
    },
    "node_modules/ws": {
      "version": "8.21.3",
      "resolved": "https://registry.npmjs.org/ws/-/ws-8.21.3.tgz",
      "integrity": "sha512-201TZ/kPWxoPr/OKWjquZR1SWKXcvxdH+e1xrx89b3YbmzLMFCLfnaG1HFIgWzJOEWZ7MvpK++odZufgYR50Rw==",
      "dev": true,
      "license": "MIT",
      "peer": true,
      "engines": {
        "node": ">=10.0.0"
      },
      "peerDependencies": {
        "bufferutil": "^4.0.1",
        "utf-8-validate": ">=5.0.2"
      },
      "peerDependenciesMeta": {
        "bufferutil": {
          "optional": true
        },
        "utf-8-validate": {
          "optional": true
        }
      }
    },
    "node_modules/zod": {
      "version": "4.4.3",
      "resolved": "https://registry.npmjs.org/zod/-/zod-4.4.3.tgz",
      "integrity": "sha512-ytENFjIJFl2UwYglde2jchW2Hwm4GJFLDiSXWdTrJQBIN9Fcyp7n4DhxJEiWNAJMV1/BqWfW/kkg71UDcHJyTQ==",
      "dev": true,
      "license": "MIT",
      "funding": {
        "url": "https://github.com/sponsors/colinhacks"
      }
    }
  }
}
